
Microsoft Visual Studio Solution File, Format Version 12.00
# Visual Studio 15
VisualStudioVersion = 15.0.28307.1525
MinimumVisualStudioVersion = 10.0.40219.1
Project("{FAE04EC0-301F-11D3-BF4B-00C04F79EFBC}") = "LMS", "LMS\LMS.csproj", "{AED81450-749E-4127-85B9-7E149112542A}"
EndProject
Global
	GlobalSection(SolutionConfigurationPlatforms) = preSolution
		Debug|Any CPU = Debug|Any CPU
		Release|Any CPU = Release|Any CPU
	EndGlobalSection
	GlobalSection(ProjectConfigurationPlatforms) = postSolution
		{AED81450-749E-4127-85B9-7E149112542A}.Debug|Any CPU.ActiveCfg = Debug|Any CPU
		{AED81450-749E-4127-85B9-7E149112542A}.Debug|Any CPU.Build.0 = Debug|Any CPU
		{AED81450-749E-4127-85B9-7E149112542A}.Release|Any CPU.ActiveCfg = Release|Any CPU
		{AED81450-749E-4127-85B9-7E149112542A}.Release|Any CPU.Build.0 = Release|Any CPU
	EndGlobalSection
	GlobalSection(SolutionProperties) = preSolution
		HideSolutionNode = FALSE
	EndGlobalSection
	GlobalSection(ExtensibilityGlobals) = postSolution
		SolutionGuid = {6F329D24-603C-48D8-B84F-7A976670AFAC}
	EndGlobalSection
EndGlobal
